
Microsoft Visual Studio Solution File, Format Version 12.00
# Visual Studio Version 17
VisualStudioVersion = 17.6.33829.357
MinimumVisualStudioVersion = 10.0.40219.1
Project("{FAE04EC0-301F-11D3-BF4B-00C04F79EFBC}") = "MultidimensionalArrays", "MultidimensionalArrays\MultidimensionalArrays.csproj", "{69C9FAC0-5F57-4F43-8DCA-816A6D93DE4B}"
EndProject
Global
	GlobalSection(SolutionConfigurationPlatforms) = preSolution
		Debug|Any CPU = Debug|Any CPU
		Release|Any CPU = Release|Any CPU
	EndGlobalSection
	GlobalSection(ProjectConfigurationPlatforms) = postSolution
		{69C9FAC0-5F57-4F43-8DCA-816A6D93DE4B}.Debug|Any CPU.ActiveCfg = Debug|Any CPU
		{69C9FAC0-5F57-4F43-8DCA-816A6D93DE4B}.Debug|Any CPU.Build.0 = Debug|Any CPU
		{69C9FAC0-5F57-4F43-8DCA-816A6D93DE4B}.Release|Any CPU.ActiveCfg = Release|Any CPU
		{69C9FAC0-5F57-4F43-8DCA-816A6D93DE4B}.Release|Any CPU.Build.0 = Release|Any CPU
	EndGlobalSection
	GlobalSection(SolutionProperties) = preSolution
		HideSolutionNode = FALSE
	EndGlobalSection
	GlobalSection(ExtensibilityGlobals) = postSolution
		SolutionGuid = {D70124A3-6C5E-4395-8118-D3DC4BE9B357}
	EndGlobalSection
EndGlobal
